PODS:
  - JMessage (2.0.0)
  - MBProgressHUD (0.9.2)
  - SnapKit (0.19.1)

DEPENDENCIES:
  - JMessage (~> 2.0.0)
  - MBProgressHUD (~> 0.9.2)
  - SnapKit (~> 0.19.1)

SPEC CHECKSUMS:
  JMessage: 4cdf2fd5069cf2d3215ee1b6f3c808a4b18456ad
  MBProgressHUD: 1569cf7ace17a8bac47aabfbb8580a49690386d1
  SnapKit: eff58d6e3451bf2f482db2eccf86aecf371dc62d

COCOAPODS: 0.39.0
